schema: '2.0'
stages:
  data_ingestion:
    cmd: python src/malaria_cnn/pipeline/data_ingestion_pipeline.py
    deps:
    - path: config/config.yaml
      hash: md5
      md5: c3db4883094d413d87b4f548a26408f5
      size: 899
    - path: src/malaria_cnn/pipeline/data_ingestion_pipeline.py
      hash: md5
      md5: 3cd7a6e067b5aa35c19b50991579d519
      size: 951
    outs:
    - path: artifacts/data_ingestion/cell_images
      hash: md5
      md5: 8e0db3f27f566711e0d69b60b9453e9d.dir
      size: 701905178
      nfiles: 55120
  prepare_base_model:
    cmd: python src/malaria_cnn/pipeline/base_model_pipeline.py
    deps:
    - path: config/config.yaml
      hash: md5
      md5: c3db4883094d413d87b4f548a26408f5
      size: 899
    - path: params.yaml
      hash: md5
      md5: f245f198e185d8ba36d3844762e015ed
      size: 136
    - path: src/malaria_cnn/pipeline/base_model_pipeline.py
      hash: md5
      md5: 10b381a314a8eb09de9ac2705ecffc6b
      size: 1006
    outs:
    - path: artifacts/prepare_base_model/base_model.h5
      hash: md5
      md5: a07c7996db33a5706ad004177678788f
      size: 58924336
    - path: artifacts/prepare_base_model/base_model_updated.h5
      hash: md5
      md5: 13cd8ba917988d832a10692fdab9dd2b
      size: 59143624
